// !$*UTF8*$!
{
	archiveVersion = 1;
	classes = {
	};
	objectVersion = 48;
	objects = {

/* Begin PBXBuildFile section */
		504A7D9E202A081A00ADE68A /* UpImageViewController.swift in Sources */ = {isa = PBXBuildFile; fileRef = 504A7D9D202A081A00ADE68A /* UpImageViewController.swift */; };
		50DDA6A52027274800B7256C /* 01.png in Resources */ = {isa = PBXBuildFile; fileRef = 50DDA6A42027274800B7256C /* 01.png */; };
		50DDA6A82027275400B7256C /* 03.png in Resources */ = {isa = PBXBuildFile; fileRef = 50DDA6A62027275400B7256C /* 03.png */; };
		50DDA6A92027275400B7256C /* 02.png in Resources */ = {isa = PBXBuildFile; fileRef = 50DDA6A72027275400B7256C /* 02.png */; };
		50F4AFA220259EBF004028B1 /* AppDelegate.swift in Sources */ = {isa = PBXBuildFile; fileRef = 50F4AFA120259EBF004028B1 /* AppDelegate.swift */; };
		50F4AFA420259EBF004028B1 /* ViewController.swift in Sources */ = {isa = PBXBuildFile; fileRef = 50F4AFA320259EBF004028B1 /* ViewController.swift */; };
		50F4AFA720259EBF004028B1 /* Main.storyboard in Resources */ = {isa = PBXBuildFile; fileRef = 50F4AFA520259EBF004028B1 /* Main.storyboard */; };
		50F4AFA920259EC0004028B1 /* Assets.xcassets in Resources */ = {isa = PBXBuildFile; fileRef = 50F4AFA820259EC0004028B1 /* Assets.xcassets */; };
		50F4AFAC20259EC0004028B1 /* LaunchScreen.storyboard in Resources */ = {isa = PBXBuildFile; fileRef = 50F4AFAA20259EC0004028B1 /* LaunchScreen.storyboard */; };
/* End PBXBuildFile section */

/* Begin PBXFileReference section */
		504A7D9D202A081A00ADE68A /* UpImageViewController.swift */ = {isa = PBXFileReference; lastKnownFileType = sourcecode.swift; path = UpImageViewController.swift; sourceTree = "<group>"; };
		50DDA6A42027274800B7256C /* 01.png */ = {isa = PBXFileReference; lastKnownFileType = image.png; name = 01.png; path = "../../../Desktop/swift-app-folda/01.png"; sourceTree = "<group>"; };
		50DDA6A62027275400B7256C /* 03.png */ = {isa = PBXFileReference; lastKnownFileType = image.png; name = 03.png; path = "../../../Desktop/swift-app-folda/03.png"; sourceTree = "<group>"; };
		50DDA6A72027275400B7256C /* 02.png */ = {isa = PBXFileReference; lastKnownFileType = image.png; name = 02.png; path = "../../../Desktop/swift-app-folda/02.png"; sourceTree = "<group>"; };
		50DDA6AA2027315300B7256C /* 03.png */ = {isa = PBXFileReference; lastKnownFileType = image.png; path = 03.png; sourceTree = "<group>"; };
		50DDA6AB2027315300B7256C /* 01.png */ = {isa = PBXFileReference; lastKnownFileType = image.png; path = 01.png; sourceTree = "<group>"; };
		50DDA6AC2027315400B7256C /* 02.png */ = {isa = PBXFileReference; lastKnownFileType = image.png; path = 02.png; sourceTree = "<group>"; };
		50F4AF9E20259EBF004028B1 /* SlideshowApp.app */ = {isa = PBXFileReference; explicitFileType = wrapper.application; includeInIndex = 0; path = SlideshowApp.app; sourceTree = BUILT_PRODUCTS_DIR; };
		50F4AFA120259EBF004028B1 /* AppDelegate.swift */ = {isa = PBXFileReference; lastKnownFileType = sourcecode.swift; path = AppDelegate.swift; sourceTree = "<group>"; };
		50F4AFA320259EBF004028B1 /* ViewController.swift */ = {isa = PBXFileReference; lastKnownFileType = sourcecode.swift; path = ViewController.swift; sourceTree = "<group>"; };
		50F4AFA620259EBF004028B1 /* Base */ = {isa = PBXFileReference; lastKnownFileType = file.storyboard; name = Base; path = Base.lproj/Main.storyboard; sourceTree = "<group>"; };
		50F4AFA820259EC0004028B1 /* Assets.xcassets */ = {isa = PBXFileReference; lastKnownFileType = folder.assetcatalog; path = Assets.xcassets; sourceTree = "<group>"; };
		50F4AFAB20259EC0004028B1 /* Base */ = {isa = PBXFileReference; lastKnownFileType = file.storyboard; name = Base; path = Base.lproj/LaunchScreen.storyboard; sourceTree = "<group>"; };
		50F4AFAD20259EC0004028B1 /* Info.plist */ = {isa = PBXFileReference; lastKnownFileType = text.plist.xml; path = Info.plist; sourceTree = "<group>"; };
/* End PBXFileReference section */

/* Begin PBXFrameworksBuildPhase section */
		50F4AF9B20259EBF004028B1 /* Frameworks */ = {
			isa = PBXFrameworksBuildPhase;
			buildActionMask = 2147483647;
			files = (
			);
			runOnlyForDeploymentPostprocessing = 0;
		};
/* End PBXFrameworksBuildPhase section */

/* Begin PBXGroup section */
		50F4AF9520259EBF004028B1 = {
			isa = PBXGroup;
			children = (
				50F4AFA020259EBF004028B1 /* SlideshowApp */,
				50F4AF9F20259EBF004028B1 /* Products */,
				50DDA6A42027274800B7256C /* 01.png */,
				50DDA6A72027275400B7256C /* 02.png */,
				50DDA6A62027275400B7256C /* 03.png */,
			);
			sourceTree = "<group>";
		};
		50F4AF9F20259EBF004028B1 /* Products */ = {
			isa = PBXGroup;
			children = (
				50F4AF9E20259EBF004028B1 /* SlideshowApp.app */,
			);
			name = Products;
			sourceTree = "<group>";
		};
		50F4AFA020259EBF004028B1 /* SlideshowApp */ = {
			isa = PBXGroup;
			children = (
				50DDA6AB2027315300B7256C /* 01.png */,
				50DDA6AC2027315400B7256C /* 02.png */,
				50DDA6AA2027315300B7256C /* 03.png */,
				50F4AFA120259EBF004028B1 /* AppDelegate.swift */,
				50F4AFA320259EBF004028B1 /* ViewController.swift */,
				50F4AFA520259EBF004028B1 /* Main.storyboard */,
				50F4AFA820259EC0004028B1 /* Assets.xcassets */,
				50F4AFAA20259EC0004028B1 /* LaunchScreen.storyboard */,
				50F4AFAD20259EC0004028B1 /* Info.plist */,
				504A7D9D202A081A00ADE68A /* UpImageViewController.swift */,
			);
			path = SlideshowApp;
			sourceTree = "<group>";
		};
/* End PBXGroup section */

/* Begin PBXNativeTarget section */
		50F4AF9D20259EBF004028B1 /* SlideshowApp */ = {
			isa = PBXNativeTarget;
			buildConfigurationList = 50F4AFB020259EC0004028B1 /* Build configuration list for PBXNativeTarget "SlideshowApp" */;
			buildPhases = (
				50F4AF9A20259EBF004028B1 /* Sources */,
				50F4AF9B20259EBF004028B1 /* Frameworks */,
				50F4AF9C20259EBF004028B1 /* Resources */,
			);
			buildRules = (
			);
			dependencies = (
			);
			name = SlideshowApp;
			productName = SlideshowApp;
			productReference = 50F4AF9E20259EBF004028B1 /* SlideshowApp.app */;
			productType = "com.apple.product-type.application";
		};
/* End PBXNativeTarget section */

/* Begin PBXProject section */
		50F4AF9620259EBF004028B1 /* Project object */ = {
			isa = PBXProject;
			attributes = {
				LastSwiftUpdateCheck = 0920;
				LastUpgradeCheck = 0920;
				ORGANIZATIONNAME = watomon;
				TargetAttributes = {
					50F4AF9D20259EBF004028B1 = {
						CreatedOnToolsVersion = 9.2;
						ProvisioningStyle = Automatic;
					};
				};
			};
			buildConfigurationList = 50F4AF9920259EBF004028B1 /* Build configuration list for PBXProject "SlideshowApp" */;
			compatibilityVersion = "Xcode 8.0";
			developmentRegion = en;
			hasScannedForEncodings = 0;
			knownRegions = (
				en,
				Base,
			);
			mainGroup = 50F4AF9520259EBF004028B1;
			productRefGroup = 50F4AF9F20259EBF004028B1 /* Products */;
			projectDirPath = "";
			projectRoot = "";
			targets = (
				50F4AF9D20259EBF004028B1 /* SlideshowApp */,
			);
		};
/* End PBXProject section */

/* Begin PBXResourcesBuildPhase section */
		50F4AF9C20259EBF004028B1 /* Resources */ = {
			isa = PBXResourcesBuildPhase;
			buildActionMask = 2147483647;
			files = (
				50DDA6A82027275400B7256C /* 03.png in Resources */,
				50F4AFAC20259EC0004028B1 /* LaunchScreen.storyboard in Resources */,
				50F4AFA920259EC0004028B1 /* Assets.xcassets in Resources */,
				50DDA6A52027274800B7256C /* 01.png in Resources */,
				50F4AFA720259EBF004028B1 /* Main.storyboard in Resources */,
				50DDA6A92027275400B7256C /* 02.png in Resources */,
			);
			runOnlyForDeploymentPostprocessing = 0;
		};
/* End PBXResourcesBuildPhase section */

/* Begin PBXSourcesBuildPhase section */
		50F4AF9A20259EBF004028B1 /* Sources */ = {
			isa = PBXSourcesBuildPhase;
			buildActionMask = 2147483647;
			files = (
				50F4AFA420259EBF004028B1 /* ViewController.swift in Sources */,
				50F4AFA220259EBF004028B1 /* AppDelegate.swift in Sources */,
				504A7D9E202A081A00ADE68A /* UpImageViewController.swift in Sources */,
			);
			runOnlyForDeploymentPostprocessing = 0;
		};
/* End PBXSourcesBuildPhase section */

/* Begin PBXVariantGroup section */
		50F4AFA520259EBF004028B1 /* Main.storyboard */ = {
			isa = PBXVariantGroup;
			children = (
				50F4AFA620259EBF004028B1 /* Base */,
			);
			name = Main.storyboard;
			sourceTree = "<group>";
		};
		50F4AFAA20259EC0004028B1 /* LaunchScreen.storyboard */ = {
			isa = PBXVariantGroup;
			children = (
				50F4AFAB20259EC0004028B1 /* Base */,
			);
			name = LaunchScreen.storyboard;
			sourceTree = "<group>";
		};
/* End PBXVariantGroup section */

/* Begin XCBuildConfiguration section */
		50F4AFAE20259EC0004028B1 /* Debug */ = {
			isa = XCBuildConfiguration;
			buildSettings = {
				ALWAYS_SEARCH_USER_PATHS = NO;
				CLANG_ANALYZER_NONNULL = YES;
				CLANG_ANALYZER_NUMBER_OBJECT_CONVERSION = YES_AGGRESSIVE;
				CLANG_CXX_LANGUAGE_STANDARD = "gnu++14";
				CLANG_CXX_LIBRARY = "libc++";
				CLANG_ENABLE_MODULES = YES;
				CLANG_ENABLE_OBJC_ARC = YES;
				CLANG_WARN_BLOCK_CAPTURE_AUTORELEASING = YES;
				CLANG_WARN_BOOL_CONVERSION = YES;
				CLANG_WARN_COMMA = YES;
				CLANG_WARN_CONSTANT_CONVERSION = YES;
				CLANG_WARN_DIRECT_OBJC_ISA_USAGE = YES_ERROR;
				CLANG_WARN_DOCUMENTATION_COMMENTS = YES;
				CLANG_WARN_EMPTY_BODY = YES;
				CLANG_WARN_ENUM_CONVERSION = YES;
				CLANG_WARN_INFINITE_RECURSION = YES;
				CLANG_WARN_INT_CONVERSION = YES;
				CLANG_WARN_NON_LITERAL_NULL_CONVERSION = YES;
				CLANG_WARN_OBJC_LITERAL_CONVERSION = YES;
				CLANG_WARN_OBJC_ROOT_CLASS = YES_ERROR;
				CLANG_WARN_RANGE_LOOP_ANALYSIS = YES;
				CLANG_WARN_STRICT_PROTOTYPES = YES;
				CLANG_WARN_SUSPICIOUS_MOVE = YES;
				CLANG_WARN_UNGUARDED_AVAILABILITY = YES_AGGRESSIVE;
				CLANG_WARN_UNREACHABLE_CODE = YES;
				CLANG_WARN__DUPLICATE_METHOD_MATCH = YES;
				CODE_SIGN_IDENTITY = "iPhone Developer";
				COPY_PHASE_STRIP = NO;
				DEBUG_INFORMATION_FORMAT = dwarf;
				ENABLE_STRICT_OBJC_MSGSEND = YES;
				ENABLE_TESTABILITY = YES;
				GCC_C_LANGUAGE_STANDARD = gnu11;
				GCC_DYNAMIC_NO_PIC = NO;
				GCC_NO_COMMON_BLOCKS = YES;
				GCC_OPTIMIZATION_LEVEL = 0;
				GCC_PREPROCESSOR_DEFINITIONS = (
					"DEBUG=1",
					"$(inherited)",
				);
				GCC_WARN_64_TO_32_BIT_CONVERSION = YES;
				GCC_WARN_ABOUT_RETURN_TYPE = YES_ERROR;
				GCC_WARN_UNDECLARED_SELECTOR = YES;
				GCC_WARN_UNINITIALIZED_AUTOS = YES_AGGRESSIVE;
				GCC_WARN_UNUSED_FUNCTION = YES;
				GCC_WARN_UNUSED_VARIABLE = YES;
				IPHONEOS_DEPLOYMENT_TARGET = 11.2;
				MTL_ENABLE_DEBUG_INFO = YES;
				ONLY_ACTIVE_ARCH = YES;
				SDKROOT = iphoneos;
				SWIFT_ACTIVE_COMPILATION_CONDITIONS = DEBUG;
				SWIFT_OPTIMIZATION_LEVEL = "-Onone";
			};
			name = Debug;
		};
		50F4AFAF20259EC0004028B1 /* Release */ = {
			isa = XCBuildConfiguration;
			buildSettings = {
				ALWAYS_SEARCH_USER_PATHS = NO;
				CLANG_ANALYZER_NONNULL = YES;
				CLANG_ANALYZER_NUMBER_OBJECT_CONVERSION = YES_AGGRESSIVE;
				CLANG_CXX_LANGUAGE_STANDARD = "gnu++14";
				CLANG_CXX_LIBRARY = "libc++";
				CLANG_ENABLE_MODULES = YES;
				CLANG_ENABLE_OBJC_ARC = YES;
				CLANG_WARN_BLOCK_CAPTURE_AUTORELEASING = YES;
				CLANG_WARN_BOOL_CONVERSION = YES;
				CLANG_WARN_COMMA = YES;
				CLANG_WARN_CONSTANT_CONVERSION = YES;
				CLANG_WARN_DIRECT_OBJC_ISA_USAGE = YES_ERROR;
				CLANG_WARN_DOCUMENTATION_COMMENTS = YES;
				CLANG_WARN_EMPTY_BODY = YES;
				CLANG_WARN_ENUM_CONVERSION = YES;
				CLANG_WARN_INFINITE_RECURSION = YES;
				CLANG_WARN_INT_CONVERSION = YES;
				CLANG_WARN_NON_LITERAL_NULL_CONVERSION = YES;
				CLANG_WARN_OBJC_LITERAL_CONVERSION = YES;
				CLANG_WARN_OBJC_ROOT_CLASS = YES_ERROR;
				CLANG_WARN_RANGE_LOOP_ANALYSIS = YES;
				CLANG_WARN_STRICT_PROTOTYPES = YES;
				CLANG_WARN_SUSPICIOUS_MOVE = YES;
				CLANG_WARN_UNGUARDED_AVAILABILITY = YES_AGGRESSIVE;
				CLANG_WARN_UNREACHABLE_CODE = YES;
				CLANG_WARN__DUPLICATE_METHOD_MATCH = YES;
				CODE_SIGN_IDENTITY = "iPhone Developer";
				COPY_PHASE_STRIP = NO;
				DEBUG_INFORMATION_FORMAT = "dwarf-with-dsym";
				ENABLE_NS_ASSERTIONS = NO;
				ENABLE_STRICT_OBJC_MSGSEND = YES;
				GCC_C_LANGUAGE_STANDARD = gnu11;
				GCC_NO_COMMON_BLOCKS = YES;
				GCC_WARN_64_TO_32_BIT_CONVERSION = YES;
				GCC_WARN_ABOUT_RETURN_TYPE = YES_ERROR;
				GCC_WARN_UNDECLARED_SELECTOR = YES;
				GCC_WARN_UNINITIALIZED_AUTOS = YES_AGGRESSIVE;
				GCC_WARN_UNUSED_FUNCTION = YES;
				GCC_WARN_UNUSED_VARIABLE = YES;
				IPHONEOS_DEPLOYMENT_TARGET = 11.2;
				MTL_ENABLE_DEBUG_INFO = NO;
				SDKROOT = iphoneos;
				SWIFT_OPTIMIZATION_LEVEL = "-Owholemodule";
				VALIDATE_PRODUCT = YES;
			};
			name = Release;
		};
		50F4AFB120259EC0004028B1 /* Debug */ = {
			isa = XCBuildConfiguration;
			buildSettings = {
				ASSETCATALOG_COMPILER_APPICON_NAME = AppIcon;
				CODE_SIGN_STYLE = Automatic;
				INFOPLIST_FILE = SlideshowApp/Info.plist;
				LD_RUNPATH_SEARCH_PATHS = "$(inherited) @executable_path/Frameworks";
				PRODUCT_BUNDLE_IDENTIFIER = jp.techacademy.watomon.SlideshowApp;
				PRODUCT_NAME = "$(TARGET_NAME)";
				SWIFT_VERSION = 4.0;
				TARGETED_DEVICE_FAMILY = "1,2";
			};
			name = Debug;
		};
		50F4AFB220259EC0004028B1 /* Release */ = {
			isa = XCBuildConfiguration;
			buildSettings = {
				ASSETCATALOG_COMPILER_APPICON_NAME = AppIcon;
				CODE_SIGN_STYLE = Automatic;
				INFOPLIST_FILE = SlideshowApp/Info.plist;
				LD_RUNPATH_SEARCH_PATHS = "$(inherited) @executable_path/Frameworks";
				PRODUCT_BUNDLE_IDENTIFIER = jp.techacademy.watomon.SlideshowApp;
				PRODUCT_NAME = "$(TARGET_NAME)";
				SWIFT_VERSION = 4.0;
				TARGETED_DEVICE_FAMILY = "1,2";
			};
			name = Release;
		};
/* End XCBuildConfiguration section */

/* Begin XCConfigurationList section */
		50F4AF9920259EBF004028B1 /* Build configuration list for PBXProject "SlideshowApp" */ = {
			isa = XCConfigurationList;
			buildConfigurations = (
				50F4AFAE20259EC0004028B1 /* Debug */,
				50F4AFAF20259EC0004028B1 /* Release */,
			);
			defaultConfigurationIsVisible = 0;
			defaultConfigurationName = Release;
		};
		50F4AFB020259EC0004028B1 /* Build configuration list for PBXNativeTarget "SlideshowApp" */ = {
			isa = XCConfigurationList;
			buildConfigurations = (
				50F4AFB120259EC0004028B1 /* Debug */,
				50F4AFB220259EC0004028B1 /* Release */,
			);
			defaultConfigurationIsVisible = 0;
			defaultConfigurationName = Release;
		};
/* End XCConfigurationList section */
	};
	rootObject = 50F4AF9620259EBF004028B1 /* Project object */;
}
